{"SurveyEntry":{"SurveyID":"SV_erhzTkvPT2ge8No","SurveyName":"Survey - Example","SurveyDescription":null,"SurveyOwnerID":"UR_2b2Hq0Rm2zJPsii","SurveyBrandID":"msu","DivisionID":"DV_byc9nMA6DVORDnL","SurveyLanguage":"EN","SurveyActiveResponseSet":"RS_0iiuw9h0wOTQX4O","SurveyStatus":"Active","SurveyStartDate":"0000-00-00 00:00:00","SurveyExpirationDate":"0000-00-00 00:00:00","SurveyCreationDate":"2026-07-21 08:20:50","CreatorID":"UR_2b2Hq0Rm2zJPsii","LastModified":"2026-07-21 13:32:47","LastAccessed":"0000-00-00 00:00:00","LastActivated":"2026-07-21 08:28:24","Deleted":null},"SurveyElements":[{"SurveyID":"SV_erhzTkvPT2ge8No","Element":"BL","PrimaryAttribute":"Survey Blocks","SecondaryAttribute":null,"TertiaryAttribute":null,"Payload":{"1":{"Type":"Trash","Description":"Trash \/ Unused Questions","ID":"BL_dmtTq19ts6dNqZM","BlockElements":[{"Type":"Question","QuestionID":"QID13"},{"Type":"Question","QuestionID":"QID14"},{"Type":"Question","QuestionID":"QID16"},{"Type":"Question","QuestionID":"QID17"},{"Type":"Question","QuestionID":"QID20"},{"Type":"Question","QuestionID":"QID9"},{"Type":"Question","QuestionID":"QID11"},{"Type":"Question","QuestionID":"QID12"},{"Type":"Question","QuestionID":"QID10"},{"Type":"Question","QuestionID":"QID8"},{"Type":"Question","QuestionID":"QID2"},{"Type":"Question","QuestionID":"QID1"},{"Type":"Question","QuestionID":"QID4"},{"Type":"Question","QuestionID":"QID6"},{"Type":"Question","QuestionID":"QID7"},{"Type":"Question","QuestionID":"QID15"},{"Type":"Question","QuestionID":"QID19"},{"Type":"Question","QuestionID":"QID18"},{"Type":"Question","QuestionID":"QID3"}]},"2":{"Type":"Standard","SubType":"","Description":"Block 1","ID":"BL_6i0QVGIF9mzgsCi","BlockElements":[{"Type":"Question","QuestionID":"QID5"},{"Type":"Question","QuestionID":"QID21"},{"Type":"Question","QuestionID":"QID22"},{"Type":"Question","QuestionID":"QID23"}]}}},{"SurveyID":"SV_erhzTkvPT2ge8No","Element":"FL","PrimaryAttribute":"Survey Flow","SecondaryAttribute":null,"TertiaryAttribute":null,"Payload":{"Type":"Root","FlowID":"FL_1","Flow":[{"Type":"EmbeddedData","FlowID":"FL_9","EmbeddedData":[{"Description":"UniqueID","Type":"Recipient","Field":"UniqueID","VariableType":"String","DataVisibility":[],"AnalyzeText":false}]},{"Type":"Standard","ID":"BL_6i0QVGIF9mzgsCi","FlowID":"FL_4","Autofill":[]}],"Properties":{"Count":9}}},{"SurveyID":"SV_erhzTkvPT2ge8No","Element":"PL","PrimaryAttribute":"Preview Link","SecondaryAttribute":null,"TertiaryAttribute":null,"Payload":{"PreviewType":"Brand","PreviewID":"38d4fd99-4679-445c-9aaf-8e370d8ab389"}},{"SurveyID":"SV_erhzTkvPT2ge8No","Element":"PROJ","PrimaryAttribute":"CORE","SecondaryAttribute":null,"TertiaryAttribute":"1.1.0","Payload":{"ProjectCategory":"CORE","SchemaVersion":"1.1.0"}},{"SurveyID":"SV_erhzTkvPT2ge8No","Element":"QC","PrimaryAttribute":"Survey Question Count","SecondaryAttribute":"23","TertiaryAttribute":null,"Payload":null},{"SurveyID":"SV_erhzTkvPT2ge8No","Element":"QG","PrimaryAttribute":"QG_CSP9gT3J2PIPnIx","SecondaryAttribute":"Default Quota Group","TertiaryAttribute":null,"Payload":{"ID":"QG_CSP9gT3J2PIPnIx","Name":"Default Quota Group","Selected":true,"MultipleMatch":"PlaceInAll","Public":false,"Quotas":[]}},{"SurveyID":"SV_erhzTkvPT2ge8No","Element":"QGO","PrimaryAttribute":"QGO_QuotaGroupOrder","SecondaryAttribute":null,"TertiaryAttribute":null,"Payload":["QG_CSP9gT3J2PIPnIx"]},{"SurveyID":"SV_erhzTkvPT2ge8No","Element":"RS","PrimaryAttribute":"RS_0iiuw9h0wOTQX4O","SecondaryAttribute":null,"TertiaryAttribute":null,"Payload":null},{"SurveyID":"SV_erhzTkvPT2ge8No","Element":"SCO","PrimaryAttribute":"Scoring","SecondaryAttribute":null,"TertiaryAttribute":null,"Payload":{"ScoringCategories":[],"ScoringCategoryGroups":[],"ScoringSummaryCategory":null,"ScoringSummaryAfterQuestions":0,"ScoringSummaryAfterSurvey":0,"DefaultScoringCategory":null,"AutoScoringCategory":null}},{"SurveyID":"SV_erhzTkvPT2ge8No","Element":"SO","PrimaryAttribute":"Survey Options","SecondaryAttribute":null,"TertiaryAttribute":null,"Payload":{"BackButton":"false","SaveAndContinue":"true","SurveyProtection":"PublicSurvey","BallotBoxStuffingPrevention":"false","NoIndex":"Yes","SecureResponseFiles":"true","SurveyExpiration":"None","SurveyTermination":"DisplayMessage","Header":"","Footer":"","ProgressBarDisplay":"None","PartialData":"+1 week","ValidationMessage":null,"PreviousButton":" \u2190 ","NextButton":" \u2192 ","SurveyTitle":"Qualtrics Survey | Qualtrics Experience Management","SkinLibrary":"msu","SkinType":"templated","Skin":{"brandingId":null,"templateId":"*base","overrides":null},"NewScoring":1,"SurveyMetaDescription":"The most powerful, simple and trusted way to gather experience data. Start your journey to experience management and try a free account today.","EOSMessage":"MS_bqnfiQWbHMv4LR4","ShowExportTags":"false","CollectGeoLocation":"false","PasswordProtection":"No","AnonymizeResponse":"No","RefererCheck":"No","RecaptchaV3":"false","ConfirmStart":false,"AutoConfirmStart":false,"RelevantID":"false","RelevantIDLockoutPeriod":"+30 days","UseCustomSurveyLinkCompletedMessage":null,"SurveyLinkCompletedMessage":null,"SurveyLinkCompletedMessageLibrary":null,"ResponseSummary":"No","EOSMessageLibrary":"UR_2b2Hq0Rm2zJPsii","EOSRedirectURL":null,"EmailThankYou":"false","ThankYouEmailMessageLibrary":null,"ThankYouEmailMessage":null,"ValidateMessage":"false","ValidationMessageLibrary":null,"InactiveSurvey":"DefaultMessage","PartialDeletion":null,"PartialDataCloseAfter":"LastActivity","InactiveMessageLibrary":null,"InactiveMessage":null,"AvailableLanguages":{"EN":[]},"SurveyName":"Survey - Example","BallotBoxStuffingPreventionBehavior":null,"BallotBoxStuffingPreventionMessage":null,"BallotBoxStuffingPreventionMessageLibrary":null,"BallotBoxStuffingPreventionURL":null}},{"SurveyID":"SV_erhzTkvPT2ge8No","Element":"SQ","PrimaryAttribute":"QID1","SecondaryAttribute":"Click to write the question text","TertiaryAttribute":null,"Payload":{"QuestionText":"Click to write the question text","DataExportTag":"Q1","QuestionType":"MC","Selector":"SAVR","SubSelector":"TX","DataVisibility":{"Private":false,"Hidden":false},"Configuration":{"QuestionDescriptionOption":"UseText"},"QuestionDescription":"Click to write the question text","Choices":{"1":{"Display":"Click to write Choice 1"},"2":{"Display":"Click to write Choice 2"},"3":{"Display":"Click to write Choice 3"}},"ChoiceOrder":["1","2","3"],"Validation":{"Settings":{"ForceResponse":"OFF","Type":"None"}},"Language":[],"NextChoiceId":4,"NextAnswerId":1,"QuestionID":"QID1"}},{"SurveyID":"SV_erhzTkvPT2ge8No","Element":"SQ","PrimaryAttribute":"QID10","SecondaryAttribute":"PRIVACY AND CONFIDENTIALITY Example","TertiaryAttribute":null,"Payload":{"QuestionText":"<h3 style=\"text-align: center;\"><strong>PRIVACY AND CONFIDENTIALITY<\/strong><\/h3>\n\n<ul>\n\t<li><\/li><\/ul>Example<strong><span style=\"background-color:#f1c40f;\"><\/span><\/strong>","DefaultChoices":false,"DataExportTag":"Privacy","QuestionType":"DB","Selector":"TB","DataVisibility":{"Private":false,"Hidden":false},"Configuration":{"QuestionDescriptionOption":"UseText"},"QuestionDescription":"PRIVACY AND CONFIDENTIALITY Example","ChoiceOrder":[],"Validation":{"Settings":{"Type":"None"}},"GradingData":[],"Language":[],"NextChoiceId":4,"NextAnswerId":1,"QuestionID":"QID10"}},{"SurveyID":"SV_erhzTkvPT2ge8No","Element":"SQ","PrimaryAttribute":"QID11","SecondaryAttribute":"YOUR RIGHTS TO PARTICIPATE, SAY NO, OR WITHDRAW Example","TertiaryAttribute":null,"Payload":{"QuestionText":"<h3><strong>YOUR RIGHTS TO PARTICIPATE, SAY NO, OR WITHDRAW<\/strong><\/h3>\n\n<ul>\n\t<li><\/li>Example<li><\/li>\n<\/ul>","DefaultChoices":false,"DataExportTag":"Rights","QuestionType":"DB","Selector":"TB","DataVisibility":{"Private":false,"Hidden":false},"Configuration":{"QuestionDescriptionOption":"UseText"},"QuestionDescription":"YOUR RIGHTS TO PARTICIPATE, SAY NO, OR WITHDRAW Example","ChoiceOrder":[],"Validation":{"Settings":{"Type":"None"}},"GradingData":[],"Language":[],"NextChoiceId":4,"NextAnswerId":1,"QuestionID":"QID11"}},{"SurveyID":"SV_erhzTkvPT2ge8No","Element":"SQ","PrimaryAttribute":"QID12","SecondaryAttribute":"COSTS AND COMPENSATION FOR BEING IN THE STUDY Example","TertiaryAttribute":null,"Payload":{"QuestionText":"<h3><strong>COSTS AND COMPENSATION FOR BEING IN THE STUDY<\/strong><\/h3>\nExample","DefaultChoices":false,"DataExportTag":"Comp.","QuestionType":"DB","Selector":"TB","DataVisibility":{"Private":false,"Hidden":false},"Configuration":{"QuestionDescriptionOption":"UseText"},"QuestionDescription":"COSTS AND COMPENSATION FOR BEING IN THE STUDY Example","ChoiceOrder":[],"Validation":{"Settings":{"Type":"None"}},"GradingData":[],"Language":[],"NextChoiceId":4,"NextAnswerId":1,"QuestionID":"QID12"}},{"SurveyID":"SV_erhzTkvPT2ge8No","Element":"SQ","PrimaryAttribute":"QID13","SecondaryAttribute":"CONTACT INFORMATION Example","TertiaryAttribute":null,"Payload":{"QuestionText":"<h3><strong>CONTACT INFORMATION<\/strong><\/h3>\nExample<h3><\/h3>","DefaultChoices":false,"DataExportTag":"Contact","QuestionType":"DB","Selector":"TB","DataVisibility":{"Private":false,"Hidden":false},"Configuration":{"QuestionDescriptionOption":"UseText"},"QuestionDescription":"CONTACT INFORMATION Example","ChoiceOrder":[],"Validation":{"Settings":{"Type":"None"}},"GradingData":[],"Language":[],"NextChoiceId":9,"NextAnswerId":1,"QuestionID":"QID13"}},{"SurveyID":"SV_erhzTkvPT2ge8No","Element":"SQ","PrimaryAttribute":"QID14","SecondaryAttribute":"DOCUMENTATION OF INFORMED CONSENT Your signature below means that you choose to voluntarily parti...","TertiaryAttribute":null,"Payload":{"QuestionText":"<h3><strong>DOCUMENTATION OF INFORMED CONSENT<\/strong><\/h3>\nYour signature below means that you choose to voluntarily participate in this research study.","DefaultChoices":false,"DataExportTag":"Signature","QuestionType":"Draw","Selector":"Signature","DataVisibility":{"Private":false,"Hidden":false},"Configuration":{"QuestionDescriptionOption":"UseText","ShowBackgroundText":true,"BoxSize":"Medium"},"QuestionDescription":"DOCUMENTATION OF INFORMED CONSENT Your signature below means that you choose to voluntarily parti...","Validation":{"Settings":{"ForceResponse":"OFF"}},"GradingData":[],"Language":[],"NextChoiceId":4,"NextAnswerId":1,"QuestionID":"QID14"}},{"SurveyID":"SV_erhzTkvPT2ge8No","Element":"SQ","PrimaryAttribute":"QID15","SecondaryAttribute":"Click to write the question text","TertiaryAttribute":null,"Payload":{"QuestionText":"Click to write the question text","DefaultChoices":false,"DataExportTag":"Q15","QuestionType":"TE","Selector":"FORM","DataVisibility":{"Private":false,"Hidden":false},"Configuration":{"QuestionDescriptionOption":"UseText"},"QuestionDescription":"Click to write the question text","Choices":{"1":{"Display":"Click to write Choice 1"},"2":{"Display":"Click to write Choice 2"},"3":{"Display":"Click to write Choice 3"}},"ChoiceOrder":["1","2","3"],"Validation":{"Settings":{"ForceResponse":"OFF","Type":null}},"GradingData":[],"Language":[],"NextChoiceId":4,"NextAnswerId":1,"SearchSource":{"AllowFreeResponse":"false"},"QuestionID":"QID15"}},{"SurveyID":"SV_erhzTkvPT2ge8No","Element":"SQ","PrimaryAttribute":"QID16","SecondaryAttribute":"Date:","TertiaryAttribute":null,"Payload":{"QuestionText":"Date:","DefaultChoices":false,"DataExportTag":"Date","QuestionType":"TE","Selector":"SL","DataVisibility":{"Private":false,"Hidden":false},"Configuration":{"QuestionDescriptionOption":"UseText"},"QuestionDescription":"Date:","Validation":{"Settings":{"ForceResponse":"OFF","Type":"None"}},"GradingData":[],"Language":[],"NextChoiceId":4,"NextAnswerId":1,"SearchSource":{"AllowFreeResponse":"false"},"QuestionID":"QID16"}},{"SurveyID":"SV_erhzTkvPT2ge8No","Element":"SQ","PrimaryAttribute":"QID17","SecondaryAttribute":"You will be given a copy of this form to keep.","TertiaryAttribute":null,"Payload":{"QuestionText":"You will be given a copy of this form to keep.<h3><\/h3>","DefaultChoices":false,"DataExportTag":"","QuestionType":"DB","Selector":"TB","DataVisibility":{"Private":false,"Hidden":false},"Configuration":{"QuestionDescriptionOption":"UseText"},"QuestionDescription":"You will be given a copy of this form to keep.","ChoiceOrder":[],"Validation":{"Settings":{"Type":"None"}},"GradingData":[],"Language":[],"NextChoiceId":4,"NextAnswerId":1,"QuestionID":"QID17"}},{"SurveyID":"SV_erhzTkvPT2ge8No","Element":"SQ","PrimaryAttribute":"QID18","SecondaryAttribute":"PERMISSION TO AUDIOTAPE THE INTERVIEW I agree to allow audiotaping\/videotaping of the interview:","TertiaryAttribute":null,"Payload":{"QuestionText":"<h3><strong>PERMISSION TO AUDIOTAPE THE INTERVIEW<\/strong><\/h3>\n\n<p>I agree to allow audiotaping\/videotaping of the interview:<\/p>","DefaultChoices":false,"DataExportTag":"Permission","QuestionType":"MC","Selector":"SAVR","SubSelector":"TX","DataVisibility":{"Private":false,"Hidden":false},"Configuration":{"QuestionDescriptionOption":"UseText"},"QuestionDescription":"PERMISSION TO AUDIOTAPE THE INTERVIEW I agree to allow audiotaping\/videotaping of the interview:","Choices":{"1":{"Display":"Yes"},"2":{"Display":"No"}},"ChoiceOrder":[1,2],"Validation":{"Settings":{"ForceResponse":"OFF","Type":"None"}},"GradingData":[],"Language":[],"NextChoiceId":3,"NextAnswerId":1,"QuestionID":"QID18"}},{"SurveyID":"SV_erhzTkvPT2ge8No","Element":"SQ","PrimaryAttribute":"QID19","SecondaryAttribute":"Click to write the question text","TertiaryAttribute":null,"Payload":{"QuestionText":"Click to write the question text","DefaultChoices":false,"DataExportTag":"Q19","QuestionType":"TE","Selector":"SL","DataVisibility":{"Private":false,"Hidden":false},"Configuration":{"QuestionDescriptionOption":"UseText"},"QuestionDescription":"Click to write the question text","Validation":{"Settings":{"ForceResponse":"OFF","Type":"None"}},"GradingData":[],"Language":[],"NextChoiceId":4,"NextAnswerId":1,"SearchSource":{"AllowFreeResponse":"false"},"QuestionID":"QID19"}},{"SurveyID":"SV_erhzTkvPT2ge8No","Element":"SQ","PrimaryAttribute":"QID2","SecondaryAttribute":"You are being asked to participate in a research study.","TertiaryAttribute":null,"Payload":{"QuestionText":"You are being asked to participate in a research study.","DefaultChoices":false,"DataExportTag":"Introduction","QuestionType":"TE","Selector":"SL","DataVisibility":{"Private":false,"Hidden":false},"Configuration":{"QuestionDescriptionOption":"UseText","InputWidth":680,"InputHeight":29},"QuestionDescription":"You are being asked to participate in a research study.","Validation":{"Settings":{"ForceResponse":"OFF","Type":"None"}},"GradingData":[],"Language":[],"NextChoiceId":4,"NextAnswerId":1,"SearchSource":{"AllowFreeResponse":"false"},"QuestionID":"QID2"}},{"SurveyID":"SV_erhzTkvPT2ge8No","Element":"SQ","PrimaryAttribute":"QID20","SecondaryAttribute":"Please enter your initials:","TertiaryAttribute":null,"Payload":{"QuestionText":"Please enter your initials:","DefaultChoices":false,"DataExportTag":"Initials","QuestionType":"TE","Selector":"SL","DataVisibility":{"Private":false,"Hidden":false},"Configuration":{"QuestionDescriptionOption":"UseText"},"QuestionDescription":"Please enter your initials:","Validation":{"Settings":{"ForceResponse":"OFF","Type":"None"}},"GradingData":[],"Language":[],"NextChoiceId":4,"NextAnswerId":1,"SearchSource":{"AllowFreeResponse":"false"},"QuestionID":"QID20","QuestionJS":"Qualtrics.SurveyEngine.addOnUnload(function()\n{\n    window.parent.postMessage('surveyCompleted', '*');\n});"}},{"SurveyID":"SV_erhzTkvPT2ge8No","Element":"SQ","PrimaryAttribute":"QID21","SecondaryAttribute":"Question 2","TertiaryAttribute":null,"Payload":{"QuestionText":"Question 2","DefaultChoices":false,"DataExportTag":"Q21","QuestionID":"QID21","QuestionType":"MC","Selector":"SAVR","SubSelector":"TX","DataVisibility":{"Private":false,"Hidden":false},"Configuration":{"QuestionDescriptionOption":"UseText"},"QuestionDescription":"Question 2","Choices":{"4":{"Display":"Click to write Choice 1"},"5":{"Display":"Click to write Choice 2"},"6":{"Display":"Click to write Choice 3"}},"ChoiceOrder":["4","5","6"],"Validation":{"Settings":{"ForceResponse":"OFF","Type":"None"}},"GradingData":[],"Language":[],"NextChoiceId":4,"NextAnswerId":1}},{"SurveyID":"SV_erhzTkvPT2ge8No","Element":"SQ","PrimaryAttribute":"QID22","SecondaryAttribute":"Question 3","TertiaryAttribute":null,"Payload":{"QuestionText":"Question 3","DefaultChoices":false,"DataExportTag":"Q22","QuestionID":"QID22","QuestionType":"Matrix","Selector":"Likert","SubSelector":"SingleAnswer","DataVisibility":{"Private":false,"Hidden":false},"Configuration":{"QuestionDescriptionOption":"UseText","TextPosition":"inline","ChoiceColumnWidth":25,"RepeatHeaders":"none","WhiteSpace":"OFF","MobileFirst":true},"QuestionDescription":"Question 3","Choices":{"4":{"Display":"Click to write Statement 1"},"5":{"Display":"Click to write Statement 2"},"6":{"Display":"Click to write Statement 3"}},"ChoiceOrder":["4","5","6"],"Validation":{"Settings":{"ForceResponse":"OFF","Type":"None"}},"GradingData":[],"Language":[],"NextChoiceId":4,"NextAnswerId":4,"Answers":{"1":{"Display":"Click to write Scale Point 1"},"2":{"Display":"Click to write Scale Point 2"},"3":{"Display":"Click to write Scale Point 3"}},"AnswerOrder":["1","2","3"],"ChoiceDataExportTags":false}},{"SurveyID":"SV_erhzTkvPT2ge8No","Element":"SQ","PrimaryAttribute":"QID23","SecondaryAttribute":"Question 4","TertiaryAttribute":null,"Payload":{"QuestionText":"Question 4","QuestionJS":"Qualtrics.SurveyEngine.addOnUnload(function()\n{\n    window.parent.postMessage('surveyCompleted', '*');\n});","DefaultChoices":false,"DataExportTag":"Q23","QuestionID":"QID23","QuestionType":"Slider","Selector":"HSLIDER","DataVisibility":{"Private":false,"Hidden":false},"Configuration":{"QuestionDescriptionOption":"UseText","TextPosition":"above","CSSliderMin":0,"CSSliderMax":100,"GridLines":10,"SnapToGrid":false,"NumDecimals":"0","ShowValue":true,"CustomStart":false,"NotApplicable":false,"MobileFirst":true},"QuestionDescription":"Question 4","Choices":{"16":{"Display":"Click to write Choice 1"},"17":{"Display":"Click to write Choice 2"},"18":{"Display":"Click to write Choice 3"}},"ChoiceOrder":["16","17","18"],"Validation":{"Settings":{"ForceResponse":"OFF","Type":"None"}},"GradingData":[],"Language":[],"NextChoiceId":4,"NextAnswerId":3,"Labels":{"1":{"Display":"Click to write Label 1"},"2":{"Display":"Click to write Label 2"}},"ChoiceDataExportTags":false}},{"SurveyID":"SV_erhzTkvPT2ge8No","Element":"SQ","PrimaryAttribute":"QID3","SecondaryAttribute":"You are being asked to ","TertiaryAttribute":null,"Payload":{"QuestionText":"You are being asked to&nbsp;","DefaultChoices":false,"DataExportTag":"Introduction","QuestionType":"DB","Selector":"TB","DataVisibility":{"Private":false,"Hidden":false},"Configuration":{"QuestionDescriptionOption":"UseText"},"QuestionDescription":"You are being asked to ","ChoiceOrder":[],"Validation":{"Settings":{"Type":"None"}},"GradingData":[],"Language":[],"NextChoiceId":4,"NextAnswerId":1,"QuestionID":"QID3"}},{"SurveyID":"SV_erhzTkvPT2ge8No","Element":"SQ","PrimaryAttribute":"QID4","SecondaryAttribute":"Click to write the question text","TertiaryAttribute":null,"Payload":{"QuestionText":"Click to write the question text","DefaultChoices":false,"DataExportTag":"Q4","QuestionType":"HL","Selector":"Text","DataVisibility":{"Private":false,"Hidden":false},"Configuration":{"QuestionDescriptionOption":"UseText","CustomTextSize":false,"AutoStopWords":false},"QuestionDescription":"Click to write the question text","Choices":{"4":{"WordIndex":0,"WordLength":4,"Word":"This","Display":"1: This"},"5":{"WordIndex":5,"WordLength":2,"Word":"is","Display":"2: is"},"6":{"WordIndex":8,"WordLength":3,"Word":"the","Display":"3: the"},"7":{"WordIndex":12,"WordLength":4,"Word":"text","Display":"4: text"},"8":{"WordIndex":17,"WordLength":3,"Word":"you","Display":"5: you"},"9":{"WordIndex":21,"WordLength":3,"Word":"can","Display":"6: can"},"10":{"WordIndex":25,"WordLength":9,"Word":"highlight","Display":"7: highlight"},"11":{"WordIndex":35,"WordLength":4,"Word":"with","Display":"8: with"},"12":{"WordIndex":40,"WordLength":3,"Word":"the","Display":"9: the"},"13":{"WordIndex":44,"WordLength":5,"Word":"above","Display":"10: above"},"14":{"WordIndex":50,"WordLength":5,"Word":"color","Display":"11: color"},"15":{"WordIndex":56,"WordLength":11,"Word":"categories.","Display":"12: categories."},"16":{"WordIndex":68,"WordLength":2,"Word":"To","Display":"13: To"},"17":{"WordIndex":71,"WordLength":4,"Word":"edit","Display":"14: edit"},"18":{"WordIndex":76,"WordLength":4,"Word":"this","Display":"15: this"},"19":{"WordIndex":81,"WordLength":5,"Word":"text,","Display":"16: text,"},"20":{"WordIndex":87,"WordLength":5,"Word":"click","Display":"17: click"},"21":{"WordIndex":93,"WordLength":2,"Word":"on","Display":"18: on"},"22":{"WordIndex":96,"WordLength":3,"Word":"the","Display":"19: the"},"23":{"WordIndex":100,"WordLength":4,"Word":"link","Display":"20: link"},"24":{"WordIndex":105,"WordLength":6,"Word":"below.","Display":"21: below."},"25":{"WordIndex":112,"WordLength":5,"Word":"Click","Display":"22: Click"},"26":{"WordIndex":118,"WordLength":7,"Word":"between","Display":"23: between"},"27":{"WordIndex":126,"WordLength":3,"Word":"the","Display":"24: the"},"28":{"WordIndex":130,"WordLength":5,"Word":"words","Display":"25: words"},"29":{"WordIndex":136,"WordLength":2,"Word":"to","Display":"26: to"},"30":{"WordIndex":139,"WordLength":7,"Word":"combine","Display":"27: combine"},"31":{"WordIndex":147,"WordLength":2,"Word":"or","Display":"28: or"},"32":{"WordIndex":150,"WordLength":8,"Word":"separate","Display":"29: separate"},"33":{"WordIndex":159,"WordLength":5,"Word":"them.","Display":"30: them."},"34":{"WordIndex":165,"WordLength":8,"Word":"Clicking","Display":"31: Clicking"},"35":{"WordIndex":174,"WordLength":8,"Word":"directly","Display":"32: directly"},"36":{"WordIndex":183,"WordLength":2,"Word":"on","Display":"33: on"},"37":{"WordIndex":186,"WordLength":5,"Word":"words","Display":"34: words"},"38":{"WordIndex":192,"WordLength":4,"Word":"will","Display":"35: will"},"39":{"WordIndex":197,"WordLength":5,"Word":"allow","Display":"36: allow"},"40":{"WordIndex":203,"WordLength":2,"Word":"or","Display":"37: or"},"41":{"WordIndex":206,"WordLength":8,"Word":"disallow","Display":"38: disallow"},"42":{"WordIndex":215,"WordLength":11,"Word":"respondents","Display":"39: respondents"},"43":{"WordIndex":227,"WordLength":4,"Word":"from","Display":"40: from"},"44":{"WordIndex":232,"WordLength":12,"Word":"highlighting","Display":"41: highlighting"},"45":{"WordIndex":245,"WordLength":5,"Word":"them.","Display":"42: them."}},"ChoiceOrder":[4,5,6,7,8,9,10,11,12,13,14,15,16,17,18,19,20,21,22,23,24,25,26,27,28,29,30,31,32,33,34,35,36,37,38,39,40,41,42,43,44,45],"Validation":{"Settings":{"ForceResponse":"OFF","Type":"None"}},"GradingData":[],"Language":[],"NextChoiceId":46,"NextAnswerId":4,"Answers":{"1":{"Display":"Like","BGColor":"#1a9641","TextColor":"#ffffff"},"2":{"Display":"Neither like nor dislike","BGColor":"#ffffbf","TextColor":"#000000"},"3":{"Display":"Dislike","BGColor":"#d7191c","TextColor":"#ffffff"}},"ExcludedWords":[],"WordChoiceIds":[],"HighlightText":"This is the text you can highlight with the above color categories. To edit this text, click on the link below. Click between the words to combine or separate them. Clicking directly on words will allow or disallow respondents from highlighting them.","ColorScale":"RdYlGn","QuestionID":"QID4"}},{"SurveyID":"SV_erhzTkvPT2ge8No","Element":"SQ","PrimaryAttribute":"QID5","SecondaryAttribute":"Question 1","TertiaryAttribute":null,"Payload":{"QuestionText":"Question 1","DefaultChoices":false,"DataExportTag":"","QuestionID":"QID5","QuestionType":"TE","Selector":"ML","DataVisibility":{"Private":false,"Hidden":false},"Configuration":{"QuestionDescriptionOption":"UseText"},"QuestionDescription":"Question 1","Validation":{"Settings":{"ForceResponse":"OFF","Type":"None"}},"GradingData":[],"Language":[],"NextChoiceId":9,"NextAnswerId":1,"SearchSource":{"AllowFreeResponse":"false"}}},{"SurveyID":"SV_erhzTkvPT2ge8No","Element":"SQ","PrimaryAttribute":"QID6","SecondaryAttribute":"Click to write the question text","TertiaryAttribute":null,"Payload":{"QuestionText":"Click to write the question text","DefaultChoices":false,"DataExportTag":"Q6","QuestionType":"HL","Selector":"Text","DataVisibility":{"Private":false,"Hidden":false},"Configuration":{"QuestionDescriptionOption":"UseText","CustomTextSize":false,"AutoStopWords":false},"QuestionDescription":"Click to write the question text","Choices":{"46":{"WordIndex":0,"WordLength":4,"Word":"This","Display":"1: This"},"47":{"WordIndex":5,"WordLength":2,"Word":"is","Display":"2: is"},"48":{"WordIndex":8,"WordLength":3,"Word":"the","Display":"3: the"},"49":{"WordIndex":12,"WordLength":4,"Word":"text","Display":"4: text"},"50":{"WordIndex":17,"WordLength":3,"Word":"you","Display":"5: you"},"51":{"WordIndex":21,"WordLength":3,"Word":"can","Display":"6: can"},"52":{"WordIndex":25,"WordLength":9,"Word":"highlight","Display":"7: highlight"},"53":{"WordIndex":35,"WordLength":4,"Word":"with","Display":"8: with"},"54":{"WordIndex":40,"WordLength":3,"Word":"the","Display":"9: the"},"55":{"WordIndex":44,"WordLength":5,"Word":"above","Display":"10: above"},"56":{"WordIndex":50,"WordLength":5,"Word":"color","Display":"11: color"},"57":{"WordIndex":56,"WordLength":11,"Word":"categories.","Display":"12: categories."},"58":{"WordIndex":68,"WordLength":2,"Word":"To","Display":"13: To"},"59":{"WordIndex":71,"WordLength":4,"Word":"edit","Display":"14: edit"},"60":{"WordIndex":76,"WordLength":4,"Word":"this","Display":"15: this"},"61":{"WordIndex":81,"WordLength":5,"Word":"text,","Display":"16: text,"},"62":{"WordIndex":87,"WordLength":5,"Word":"click","Display":"17: click"},"63":{"WordIndex":93,"WordLength":2,"Word":"on","Display":"18: on"},"64":{"WordIndex":96,"WordLength":3,"Word":"the","Display":"19: the"},"65":{"WordIndex":100,"WordLength":4,"Word":"link","Display":"20: link"},"66":{"WordIndex":105,"WordLength":6,"Word":"below.","Display":"21: below."},"67":{"WordIndex":112,"WordLength":5,"Word":"Click","Display":"22: Click"},"68":{"WordIndex":118,"WordLength":7,"Word":"between","Display":"23: between"},"69":{"WordIndex":126,"WordLength":3,"Word":"the","Display":"24: the"},"70":{"WordIndex":130,"WordLength":5,"Word":"words","Display":"25: words"},"71":{"WordIndex":136,"WordLength":2,"Word":"to","Display":"26: to"},"72":{"WordIndex":139,"WordLength":7,"Word":"combine","Display":"27: combine"},"73":{"WordIndex":147,"WordLength":2,"Word":"or","Display":"28: or"},"74":{"WordIndex":150,"WordLength":8,"Word":"separate","Display":"29: separate"},"75":{"WordIndex":159,"WordLength":5,"Word":"them.","Display":"30: them."},"76":{"WordIndex":165,"WordLength":8,"Word":"Clicking","Display":"31: Clicking"},"77":{"WordIndex":174,"WordLength":8,"Word":"directly","Display":"32: directly"},"78":{"WordIndex":183,"WordLength":2,"Word":"on","Display":"33: on"},"79":{"WordIndex":186,"WordLength":5,"Word":"words","Display":"34: words"},"80":{"WordIndex":192,"WordLength":4,"Word":"will","Display":"35: will"},"81":{"WordIndex":197,"WordLength":5,"Word":"allow","Display":"36: allow"},"82":{"WordIndex":203,"WordLength":2,"Word":"or","Display":"37: or"},"83":{"WordIndex":206,"WordLength":8,"Word":"disallow","Display":"38: disallow"},"84":{"WordIndex":215,"WordLength":11,"Word":"respondents","Display":"39: respondents"},"85":{"WordIndex":227,"WordLength":4,"Word":"from","Display":"40: from"},"86":{"WordIndex":232,"WordLength":12,"Word":"highlighting","Display":"41: highlighting"},"87":{"WordIndex":245,"WordLength":5,"Word":"them.","Display":"42: them."}},"ChoiceOrder":[46,47,48,49,50,51,52,53,54,55,56,57,58,59,60,61,62,63,64,65,66,67,68,69,70,71,72,73,74,75,76,77,78,79,80,81,82,83,84,85,86,87],"Validation":{"Settings":{"ForceResponse":"OFF","Type":"None"}},"GradingData":[],"Language":[],"NextChoiceId":88,"NextAnswerId":4,"Answers":{"1":{"Display":"Like","BGColor":"#1a9641","TextColor":"#ffffff"},"2":{"Display":"Neither like nor dislike","BGColor":"#ffffbf","TextColor":"#000000"},"3":{"Display":"Dislike","BGColor":"#d7191c","TextColor":"#ffffff"}},"ExcludedWords":[],"WordChoiceIds":[46,47,48,49,50,51,52,53,54,55,56,57,58,59,60,61,62,63,64,65,66,67,68,69,70,71,72,73,74,75,76,77,78,79,80,81,82,83,84,85,86,87],"HighlightText":"This is the text you can highlight with the above color categories. To edit this text, click on the link below. Click between the words to combine or separate them. Clicking directly on words will allow or disallow respondents from highlighting them.","ColorScale":"RdYlGn","QuestionID":"QID6"}},{"SurveyID":"SV_erhzTkvPT2ge8No","Element":"SQ","PrimaryAttribute":"QID7","SecondaryAttribute":"Logistics: Your participation in this study will take about one hour. In the entire study, 50 peo...","TertiaryAttribute":null,"Payload":{"QuestionText":"<u>Logistics:<\/u><br>Your participation in this study will take about <b>one hour<\/b>.<br>In the entire study, 50 people are being asked to participate.<br>","DefaultChoices":false,"DataExportTag":"Q7","QuestionType":"DB","Selector":"TB","DataVisibility":{"Private":false,"Hidden":false},"Configuration":{"QuestionDescriptionOption":"UseText"},"QuestionDescription":"Logistics: Your participation in this study will take about one hour. In the entire study, 50 peo...","ChoiceOrder":[],"Validation":{"Settings":{"Type":"None"}},"GradingData":[],"Language":[],"NextChoiceId":4,"NextAnswerId":1,"QuestionID":"QID7"}},{"SurveyID":"SV_erhzTkvPT2ge8No","Element":"SQ","PrimaryAttribute":"QID8","SecondaryAttribute":"WHAT YOU WILL DO Example","TertiaryAttribute":null,"Payload":{"QuestionText":"<h3 style=\"text-align: center;\"><b>WHAT YOU WILL DO<\/b><\/h3>\n\n<ul>\n\t<li><\/li><\/ul>Example","DefaultChoices":false,"DataExportTag":"Expectations","QuestionType":"DB","Selector":"TB","DataVisibility":{"Private":false,"Hidden":false},"Configuration":{"QuestionDescriptionOption":"UseText"},"QuestionDescription":"WHAT YOU WILL DO Example","ChoiceOrder":[],"Validation":{"Settings":{"Type":"None"}},"GradingData":[],"Language":[],"NextChoiceId":8,"NextAnswerId":1,"QuestionID":"QID8"}},{"SurveyID":"SV_erhzTkvPT2ge8No","Element":"SQ","PrimaryAttribute":"QID9","SecondaryAttribute":"Click to write the question text","TertiaryAttribute":null,"Payload":{"QuestionText":"Click to write the question text","DefaultChoices":false,"DataExportTag":"Benefits and Risks","QuestionID":"QID9","QuestionType":"TE","Selector":"ML","DataVisibility":{"Private":false,"Hidden":false},"Configuration":{"QuestionDescriptionOption":"UseText"},"QuestionDescription":"Click to write the question text","Validation":{"Settings":{"ForceResponse":"OFF","Type":"None"}},"GradingData":[],"Language":[],"NextChoiceId":9,"NextAnswerId":1,"SearchSource":{"AllowFreeResponse":"false"}}},{"SurveyID":"SV_erhzTkvPT2ge8No","Element":"STAT","PrimaryAttribute":"Survey Statistics","SecondaryAttribute":null,"TertiaryAttribute":null,"Payload":{"MobileCompatible":false,"ID":"Survey Statistics"}}]}